
Microsoft Visual Studio Solution File, Format Version 12.00
# Visual Studio Version 17
VisualStudioVersion = 17.3.32825.248
MinimumVisualStudioVersion = 10.0.40219.1
Project("{FAE04EC0-301F-11D3-BF4B-00C04F79EFBC}") = "GARDEN", "GARDEN\GARDEN.csproj", "{CFF0AF78-AC16-4B51-9738-CDE85BCA426F}"
EndProject
Global
	GlobalSection(SolutionConfigurationPlatforms) = preSolution
		Debug|Any CPU = Debug|Any CPU
		Release|Any CPU = Release|Any CPU
	EndGlobalSection
	GlobalSection(ProjectConfigurationPlatforms) = postSolution
		{CFF0AF78-AC16-4B51-9738-CDE85BCA426F}.Debug|Any CPU.ActiveCfg = Debug|Any CPU
		{CFF0AF78-AC16-4B51-9738-CDE85BCA426F}.Debug|Any CPU.Build.0 = Debug|Any CPU
		{CFF0AF78-AC16-4B51-9738-CDE85BCA426F}.Release|Any CPU.ActiveCfg = Release|Any CPU
		{CFF0AF78-AC16-4B51-9738-CDE85BCA426F}.Release|Any CPU.Build.0 = Release|Any CPU
	EndGlobalSection
	GlobalSection(SolutionProperties) = preSolution
		HideSolutionNode = FALSE
	EndGlobalSection
	GlobalSection(ExtensibilityGlobals) = postSolution
		SolutionGuid = {481F7968-E569-45F5-AAAD-2725CAD41039}
	EndGlobalSection
EndGlobal
